
Microsoft Visual Studio Solution File, Format Version 12.00
# Visual Studio Version 17
VisualStudioVersion = 17.3.32825.248
MinimumVisualStudioVersion = 10.0.40219.1
Project("{9A19103F-16F7-4668-BE54-9A1E7A4F7556}") = "NtrYes", "NtrYes.csproj", "{2AA256BC-9D2E-4A7A-90DF-717908E5E7A7}"
EndProject
Global
	GlobalSection(SolutionConfigurationPlatforms) = preSolution
		Debug|Any CPU = Debug|Any CPU
		Release|Any CPU = Release|Any CPU
	EndGlobalSection
	GlobalSection(ProjectConfigurationPlatforms) = postSolution
		{2AA256BC-9D2E-4A7A-90DF-717908E5E7A7}.Debug|Any CPU.ActiveCfg = Debug|Any CPU
		{2AA256BC-9D2E-4A7A-90DF-717908E5E7A7}.Debug|Any CPU.Build.0 = Debug|Any CPU
		{2AA256BC-9D2E-4A7A-90DF-717908E5E7A7}.Release|Any CPU.ActiveCfg = Release|Any CPU
		{2AA256BC-9D2E-4A7A-90DF-717908E5E7A7}.Release|Any CPU.Build.0 = Release|Any CPU
	EndGlobalSection
	GlobalSection(SolutionProperties) = preSolution
		HideSolutionNode = FALSE
	EndGlobalSection
	GlobalSection(ExtensibilityGlobals) = postSolution
		SolutionGuid = {3395D6FB-3651-436C-836B-FAD318EE2C59}
	EndGlobalSection
EndGlobal
